
Microsoft Visual Studio Solution File, Format Version 12.00
# Visual Studio Version 17
VisualStudioVersion = 17.2.32616.157
MinimumVisualStudioVersion = 10.0.40219.1
Project("{FAE04EC0-301F-11D3-BF4B-00C04F79EFBC}") = "ISMTS2WebApp", "ISMTS2WebApp\ISMTS2WebApp.csproj", "{BB9B0E41-DDAE-42A1-9132-F2A50AF0E253}"
EndProject
Global
	GlobalSection(SolutionConfigurationPlatforms) = preSolution
		Debug|Any CPU = Debug|Any CPU
		Release|Any CPU = Release|Any CPU
	EndGlobalSection
	GlobalSection(ProjectConfigurationPlatforms) = postSolution
		{BB9B0E41-DDAE-42A1-9132-F2A50AF0E253}.Debug|Any CPU.ActiveCfg = Debug|Any CPU
		{BB9B0E41-DDAE-42A1-9132-F2A50AF0E253}.Debug|Any CPU.Build.0 = Debug|Any CPU
		{BB9B0E41-DDAE-42A1-9132-F2A50AF0E253}.Release|Any CPU.ActiveCfg = Release|Any CPU
		{BB9B0E41-DDAE-42A1-9132-F2A50AF0E253}.Release|Any CPU.Build.0 = Release|Any CPU
	EndGlobalSection
	GlobalSection(SolutionProperties) = preSolution
		HideSolutionNode = FALSE
	EndGlobalSection
	GlobalSection(ExtensibilityGlobals) = postSolution
		SolutionGuid = {444CE2D5-90D9-42B3-807D-F0C0180D1726}
	EndGlobalSection
EndGlobal
